// !$*UTF8*$!
{
	archiveVersion = 1;
	classes = {
	};
	objectVersion = 56;
	objects = {

/* Begin PBXBuildFile section */
		89A18B912A0D050F009B28A4 /* NotesViewModel.swift in Sources */ = {isa = PBXBuildFile; fileRef = 89A18B902A0D050F009B28A4 /* NotesViewModel.swift */; };
		89A18B942A0D08AD009B28A4 /* APIService.swift in Sources */ = {isa = PBXBuildFile; fileRef = 89A18B932A0D08AD009B28A4 /* APIService.swift */; };
		89A18B962A0D08EC009B28A4 /* APIClient.swift in Sources */ = {isa = PBXBuildFile; fileRef = 89A18B952A0D08EC009B28A4 /* APIClient.swift */; };
		89A18B982A0D0C12009B28A4 /* APIPreviewClient.swift in Sources */ = {isa = PBXBuildFile; fileRef = 89A18B972A0D0C12009B28A4 /* APIPreviewClient.swift */; };
		89A18B9A2A0D0C63009B28A4 /* notes.json in Resources */ = {isa = PBXBuildFile; fileRef = 89A18B992A0D0C63009B28A4 /* notes.json */; };
		EF1BBD6928B79D5C00EC653C /* NotesApp.swift in Sources */ = {isa = PBXBuildFile; fileRef = EF1BBD6828B79D5C00EC653C /* NotesApp.swift */; };
		EF1BBD6B28B79D5C00EC653C /* NotesView.swift in Sources */ = {isa = PBXBuildFile; fileRef = EF1BBD6A28B79D5C00EC653C /* NotesView.swift */; };
		EF1BBD6D28B79D5D00EC653C /* Assets.xcassets in Resources */ = {isa = PBXBuildFile; fileRef = EF1BBD6C28B79D5D00EC653C /* Assets.xcassets */; };
		EF1BBD7028B79D5D00EC653C /* Preview Assets.xcassets in Resources */ = {isa = PBXBuildFile; fileRef = EF1BBD6F28B79D5D00EC653C /* Preview Assets.xcassets */; };
		EF1BBD7B28B79DCC00EC653C /* Note.swift in Sources */ = {isa = PBXBuildFile; fileRef = EF1BBD7A28B79DCC00EC653C /* Note.swift */; };
		EF1BBD7D28B79EF000EC653C /* NoteView.swift in Sources */ = {isa = PBXBuildFile; fileRef = EF1BBD7C28B79EF000EC653C /* NoteView.swift */; };
/* End PBXBuildFile section */

/* Begin PBXFileReference section */
		89A18B902A0D050F009B28A4 /* NotesViewModel.swift */ = {isa = PBXFileReference; lastKnownFileType = sourcecode.swift; path = NotesViewModel.swift; sourceTree = "<group>"; };
		89A18B932A0D08AD009B28A4 /* APIService.swift */ = {isa = PBXFileReference; lastKnownFileType = sourcecode.swift; path = APIService.swift; sourceTree = "<group>"; };
		89A18B952A0D08EC009B28A4 /* APIClient.swift */ = {isa = PBXFileReference; lastKnownFileType = sourcecode.swift; path = APIClient.swift; sourceTree = "<group>"; };
		89A18B972A0D0C12009B28A4 /* APIPreviewClient.swift */ = {isa = PBXFileReference; lastKnownFileType = sourcecode.swift; path = APIPreviewClient.swift; sourceTree = "<group>"; };
		89A18B992A0D0C63009B28A4 /* notes.json */ = {isa = PBXFileReference; lastKnownFileType = text.json; path = notes.json; sourceTree = "<group>"; };
		EF1BBD6528B79D5C00EC653C /* Notes.app */ = {isa = PBXFileReference; explicitFileType = wrapper.application; includeInIndex = 0; path = Notes.app; sourceTree = BUILT_PRODUCTS_DIR; };
		EF1BBD6828B79D5C00EC653C /* NotesApp.swift */ = {isa = PBXFileReference; lastKnownFileType = sourcecode.swift; path = NotesApp.swift; sourceTree = "<group>"; };
		EF1BBD6A28B79D5C00EC653C /* NotesView.swift */ = {isa = PBXFileReference; lastKnownFileType = sourcecode.swift; path = NotesView.swift; sourceTree = "<group>"; };
		EF1BBD6C28B79D5D00EC653C /* Assets.xcassets */ = {isa = PBXFileReference; lastKnownFileType = folder.assetcatalog; path = Assets.xcassets; sourceTree = "<group>"; };
		EF1BBD6F28B79D5D00EC653C /* Preview Assets.xcassets */ = {isa = PBXFileReference; lastKnownFileType = folder.assetcatalog; path = "Preview Assets.xcassets"; sourceTree = "<group>"; };
		EF1BBD7A28B79DCC00EC653C /* Note.swift */ = {isa = PBXFileReference; lastKnownFileType = sourcecode.swift; path = Note.swift; sourceTree = "<group>"; };
		EF1BBD7C28B79EF000EC653C /* NoteView.swift */ = {isa = PBXFileReference; lastKnownFileType = sourcecode.swift; path = NoteView.swift; sourceTree = "<group>"; };
/* End PBXFileReference section */

/* Begin PBXFrameworksBuildPhase section */
		EF1BBD6228B79D5C00EC653C /* Frameworks */ = {
			isa = PBXFrameworksBuildPhase;
			buildActionMask = 2147483647;
			files = (
			);
			runOnlyForDeploymentPostprocessing = 0;
		};
/* End PBXFrameworksBuildPhase section */

/* Begin PBXGroup section */
		89A18B8F2A0D04F9009B28A4 /* ViewModel */ = {
			isa = PBXGroup;
			children = (
				89A18B902A0D050F009B28A4 /* NotesViewModel.swift */,
			);
			path = ViewModel;
			sourceTree = "<group>";
		};
		89A18B922A0D089F009B28A4 /* Networking */ = {
			isa = PBXGroup;
			children = (
				89A18B932A0D08AD009B28A4 /* APIService.swift */,
				89A18B952A0D08EC009B28A4 /* APIClient.swift */,
				89A18B972A0D0C12009B28A4 /* APIPreviewClient.swift */,
			);
			path = Networking;
			sourceTree = "<group>";
		};
		EF1BBD5C28B79D5C00EC653C = {
			isa = PBXGroup;
			children = (
				EF1BBD6728B79D5C00EC653C /* Notes */,
				EF1BBD6628B79D5C00EC653C /* Products */,
			);
			sourceTree = "<group>";
		};
		EF1BBD6628B79D5C00EC653C /* Products */ = {
			isa = PBXGroup;
			children = (
				EF1BBD6528B79D5C00EC653C /* Notes.app */,
			);
			name = Products;
			sourceTree = "<group>";
		};
		EF1BBD6728B79D5C00EC653C /* Notes */ = {
			isa = PBXGroup;
			children = (
				89A18B922A0D089F009B28A4 /* Networking */,
				EF1BBD7628B79D7600EC653C /* App */,
				89A18B8F2A0D04F9009B28A4 /* ViewModel */,
				EF1BBD7828B79D8900EC653C /* Views */,
				EF1BBD7928B79DBE00EC653C /* Models */,
				EF1BBD7728B79D7D00EC653C /* Resources */,
				EF1BBD6E28B79D5D00EC653C /* Preview Content */,
			);
			path = Notes;
			sourceTree = "<group>";
		};
		EF1BBD6E28B79D5D00EC653C /* Preview Content */ = {
			isa = PBXGroup;
			children = (
				EF1BBD6F28B79D5D00EC653C /* Preview Assets.xcassets */,
				89A18B992A0D0C63009B28A4 /* notes.json */,
			);
			path = "Preview Content";
			sourceTree = "<group>";
		};
		EF1BBD7628B79D7600EC653C /* App */ = {
			isa = PBXGroup;
			children = (
				EF1BBD6828B79D5C00EC653C /* NotesApp.swift */,
			);
			path = App;
			sourceTree = "<group>";
		};
		EF1BBD7728B79D7D00EC653C /* Resources */ = {
			isa = PBXGroup;
			children = (
				EF1BBD6C28B79D5D00EC653C /* Assets.xcassets */,
			);
			path = Resources;
			sourceTree = "<group>";
		};
		EF1BBD7828B79D8900EC653C /* Views */ = {
			isa = PBXGroup;
			children = (
				EF1BBD6A28B79D5C00EC653C /* NotesView.swift */,
				EF1BBD7C28B79EF000EC653C /* NoteView.swift */,
			);
			path = Views;
			sourceTree = "<group>";
		};
		EF1BBD7928B79DBE00EC653C /* Models */ = {
			isa = PBXGroup;
			children = (
				EF1BBD7A28B79DCC00EC653C /* Note.swift */,
			);
			path = Models;
			sourceTree = "<group>";
		};
/* End PBXGroup section */

/* Begin PBXNativeTarget section */
		EF1BBD6428B79D5C00EC653C /* Notes */ = {
			isa = PBXNativeTarget;
			buildConfigurationList = EF1BBD7328B79D5D00EC653C /* Build configuration list for PBXNativeTarget "Notes" */;
			buildPhases = (
				EF1BBD6128B79D5C00EC653C /* Sources */,
				EF1BBD6228B79D5C00EC653C /* Frameworks */,
				EF1BBD6328B79D5C00EC653C /* Resources */,
			);
			buildRules = (
			);
			dependencies = (
			);
			name = Notes;
			productName = Notes;
			productReference = EF1BBD6528B79D5C00EC653C /* Notes.app */;
			productType = "com.apple.product-type.application";
		};
/* End PBXNativeTarget section */

/* Begin PBXProject section */
		EF1BBD5D28B79D5C00EC653C /* Project object */ = {
			isa = PBXProject;
			attributes = {
				BuildIndependentTargetsInParallel = 1;
				LastSwiftUpdateCheck = 1400;
				LastUpgradeCheck = 1400;
				TargetAttributes = {
					EF1BBD6428B79D5C00EC653C = {
						CreatedOnToolsVersion = 14.0;
					};
				};
			};
			buildConfigurationList = EF1BBD6028B79D5C00EC653C /* Build configuration list for PBXProject "Notes" */;
			compatibilityVersion = "Xcode 14.0";
			developmentRegion = en;
			hasScannedForEncodings = 0;
			knownRegions = (
				en,
				Base,
			);
			mainGroup = EF1BBD5C28B79D5C00EC653C;
			productRefGroup = EF1BBD6628B79D5C00EC653C /* Products */;
			projectDirPath = "";
			projectRoot = "";
			targets = (
				EF1BBD6428B79D5C00EC653C /* Notes */,
			);
		};
/* End PBXProject section */

/* Begin PBXResourcesBuildPhase section */
		EF1BBD6328B79D5C00EC653C /* Resources */ = {
			isa = PBXResourcesBuildPhase;
			buildActionMask = 2147483647;
			files = (
				EF1BBD7028B79D5D00EC653C /* Preview Assets.xcassets in Resources */,
				EF1BBD6D28B79D5D00EC653C /* Assets.xcassets in Resources */,
				89A18B9A2A0D0C63009B28A4 /* notes.json in Resources */,
			);
			runOnlyForDeploymentPostprocessing = 0;
		};
/* End PBXResourcesBuildPhase section */

/* Begin PBXSourcesBuildPhase section */
		EF1BBD6128B79D5C00EC653C /* Sources */ = {
			isa = PBXSourcesBuildPhase;
			buildActionMask = 2147483647;
			files = (
				EF1BBD6B28B79D5C00EC653C /* NotesView.swift in Sources */,
				89A18B962A0D08EC009B28A4 /* APIClient.swift in Sources */,
				89A18B912A0D050F009B28A4 /* NotesViewModel.swift in Sources */,
				EF1BBD6928B79D5C00EC653C /* NotesApp.swift in Sources */,
				89A18B982A0D0C12009B28A4 /* APIPreviewClient.swift in Sources */,
				EF1BBD7D28B79EF000EC653C /* NoteView.swift in Sources */,
				89A18B942A0D08AD009B28A4 /* APIService.swift in Sources */,
				EF1BBD7B28B79DCC00EC653C /* Note.swift in Sources */,
			);
			runOnlyForDeploymentPostprocessing = 0;
		};
/* End PBXSourcesBuildPhase section */

/* Begin XCBuildConfiguration section */
		EF1BBD7128B79D5D00EC653C /* Debug */ = {
			isa = XCBuildConfiguration;
			buildSettings = {
				ALWAYS_SEARCH_USER_PATHS = NO;
				CLANG_ANALYZER_NONNULL = YES;
				CLANG_ANALYZER_NUMBER_OBJECT_CONVERSION = YES_AGGRESSIVE;
				CLANG_CXX_LANGUAGE_STANDARD = "gnu++20";
				CLANG_ENABLE_MODULES = YES;
				CLANG_ENABLE_OBJC_ARC = YES;
				CLANG_ENABLE_OBJC_WEAK = YES;
				CLANG_WARN_BLOCK_CAPTURE_AUTORELEASING = YES;
				CLANG_WARN_BOOL_CONVERSION = YES;
				CLANG_WARN_COMMA = YES;
				CLANG_WARN_CONSTANT_CONVERSION = YES;
				CLANG_WARN_DEPRECATED_OBJC_IMPLEMENTATIONS = YES;
				CLANG_WARN_DIRECT_OBJC_ISA_USAGE = YES_ERROR;
				CLANG_WARN_DOCUMENTATION_COMMENTS = YES;
				CLANG_WARN_EMPTY_BODY = YES;
				CLANG_WARN_ENUM_CONVERSION = YES;
				CLANG_WARN_INFINITE_RECURSION = YES;
				CLANG_WARN_INT_CONVERSION = YES;
				CLANG_WARN_NON_LITERAL_NULL_CONVERSION = YES;
				CLANG_WARN_OBJC_IMPLICIT_RETAIN_SELF = YES;
				CLANG_WARN_OBJC_LITERAL_CONVERSION = YES;
				CLANG_WARN_OBJC_ROOT_CLASS = YES_ERROR;
				CLANG_WARN_QUOTED_INCLUDE_IN_FRAMEWORK_HEADER = YES;
				CLANG_WARN_RANGE_LOOP_ANALYSIS = YES;
				CLANG_WARN_STRICT_PROTOTYPES = YES;
				CLANG_WARN_SUSPICIOUS_MOVE = YES;
				CLANG_WARN_UNGUARDED_AVAILABILITY = YES_AGGRESSIVE;
				CLANG_WARN_UNREACHABLE_CODE = YES;
				CLANG_WARN__DUPLICATE_METHOD_MATCH = YES;
				COPY_PHASE_STRIP = NO;
				DEBUG_INFORMATION_FORMAT = dwarf;
				ENABLE_STRICT_OBJC_MSGSEND = YES;
				ENABLE_TESTABILITY = YES;
				GCC_C_LANGUAGE_STANDARD = gnu11;
				GCC_DYNAMIC_NO_PIC = NO;
				GCC_NO_COMMON_BLOCKS = YES;
				GCC_OPTIMIZATION_LEVEL = 0;
				GCC_PREPROCESSOR_DEFINITIONS = (
					"DEBUG=1",
					"$(inherited)",
				);
				GCC_WARN_64_TO_32_BIT_CONVERSION = YES;
				GCC_WARN_ABOUT_RETURN_TYPE = YES_ERROR;
				GCC_WARN_UNDECLARED_SELECTOR = YES;
				GCC_WARN_UNINITIALIZED_AUTOS = YES_AGGRESSIVE;
				GCC_WARN_UNUSED_FUNCTION = YES;
				GCC_WARN_UNUSED_VARIABLE = YES;
				IPHONEOS_DEPLOYMENT_TARGET = 16.0;
				MTL_ENABLE_DEBUG_INFO = INCLUDE_SOURCE;
				MTL_FAST_MATH = YES;
				ONLY_ACTIVE_ARCH = YES;
				SDKROOT = iphoneos;
				SWIFT_ACTIVE_COMPILATION_CONDITIONS = DEBUG;
				SWIFT_OPTIMIZATION_LEVEL = "-Onone";
			};
			name = Debug;
		};
		EF1BBD7228B79D5D00EC653C /* Release */ = {
			isa = XCBuildConfiguration;
			buildSettings = {
				ALWAYS_SEARCH_USER_PATHS = NO;
				CLANG_ANALYZER_NONNULL = YES;
				CLANG_ANALYZER_NUMBER_OBJECT_CONVERSION = YES_AGGRESSIVE;
				CLANG_CXX_LANGUAGE_STANDARD = "gnu++20";
				CLANG_ENABLE_MODULES = YES;
				CLANG_ENABLE_OBJC_ARC = YES;
				CLANG_ENABLE_OBJC_WEAK = YES;
				CLANG_WARN_BLOCK_CAPTURE_AUTORELEASING = YES;
				CLANG_WARN_BOOL_CONVERSION = YES;
				CLANG_WARN_COMMA = YES;
				CLANG_WARN_CONSTANT_CONVERSION = YES;
				CLANG_WARN_DEPRECATED_OBJC_IMPLEMENTATIONS = YES;
				CLANG_WARN_DIRECT_OBJC_ISA_USAGE = YES_ERROR;
				CLANG_WARN_DOCUMENTATION_COMMENTS = YES;
				CLANG_WARN_EMPTY_BODY = YES;
				CLANG_WARN_ENUM_CONVERSION = YES;
				CLANG_WARN_INFINITE_RECURSION = YES;
				CLANG_WARN_INT_CONVERSION = YES;
				CLANG_WARN_NON_LITERAL_NULL_CONVERSION = YES;
				CLANG_WARN_OBJC_IMPLICIT_RETAIN_SELF = YES;
				CLANG_WARN_OBJC_LITERAL_CONVERSION = YES;
				CLANG_WARN_OBJC_ROOT_CLASS = YES_ERROR;
				CLANG_WARN_QUOTED_INCLUDE_IN_FRAMEWORK_HEADER = YES;
				CLANG_WARN_RANGE_LOOP_ANALYSIS = YES;
				CLANG_WARN_STRICT_PROTOTYPES = YES;
				CLANG_WARN_SUSPICIOUS_MOVE = YES;
				CLANG_WARN_UNGUARDED_AVAILABILITY = YES_AGGRESSIVE;
				CLANG_WARN_UNREACHABLE_CODE = YES;
				CLANG_WARN__DUPLICATE_METHOD_MATCH = YES;
				COPY_PHASE_STRIP = NO;
				DEBUG_INFORMATION_FORMAT = "dwarf-with-dsym";
				ENABLE_NS_ASSERTIONS = NO;
				ENABLE_STRICT_OBJC_MSGSEND = YES;
				GCC_C_LANGUAGE_STANDARD = gnu11;
				GCC_NO_COMMON_BLOCKS = YES;
				GCC_WARN_64_TO_32_BIT_CONVERSION = YES;
				GCC_WARN_ABOUT_RETURN_TYPE = YES_ERROR;
				GCC_WARN_UNDECLARED_SELECTOR = YES;
				GCC_WARN_UNINITIALIZED_AUTOS = YES_AGGRESSIVE;
				GCC_WARN_UNUSED_FUNCTION = YES;
				GCC_WARN_UNUSED_VARIABLE = YES;
				IPHONEOS_DEPLOYMENT_TARGET = 16.0;
				MTL_ENABLE_DEBUG_INFO = NO;
				MTL_FAST_MATH = YES;
				SDKROOT = iphoneos;
				SWIFT_COMPILATION_MODE = wholemodule;
				SWIFT_OPTIMIZATION_LEVEL = "-O";
				VALIDATE_PRODUCT = YES;
			};
			name = Release;
		};
		EF1BBD7428B79D5D00EC653C /* Debug */ = {
			isa = XCBuildConfiguration;
			buildSettings = {
				ASSETCATALOG_COMPILER_APPICON_NAME = AppIcon;
				ASSETCATALOG_COMPILER_GLOBAL_ACCENT_COLOR_NAME = AccentColor;
				CODE_SIGN_STYLE = Automatic;
				CURRENT_PROJECT_VERSION = 1;
				DEVELOPMENT_ASSET_PATHS = "\"Notes/Preview Content\"";
				DEVELOPMENT_TEAM = 2493UGBPKJ;
				ENABLE_PREVIEWS = YES;
				GENERATE_INFOPLIST_FILE = YES;
				INFOPLIST_KEY_UIApplicationSceneManifest_Generation = YES;
				INFOPLIST_KEY_UIApplicationSupportsIndirectInputEvents = YES;
				INFOPLIST_KEY_UILaunchScreen_Generation = YES;
				INFOPLIST_KEY_UISupportedInterfaceOrientations_iPad = "UIInterfaceOrientationPortrait UIInterfaceOrientationPortraitUpsideDown UIInterfaceOrientationLandscapeLeft UIInterfaceOrientationLandscapeRight";
				INFOPLIST_KEY_UISupportedInterfaceOrientations_iPhone = "UIInterfaceOrientationPortrait UIInterfaceOrientationLandscapeLeft UIInterfaceOrientationLandscapeRight";
				IPHONEOS_DEPLOYMENT_TARGET = 15.0;
				LD_RUNPATH_SEARCH_PATHS = (
					"$(inherited)",
					"@executable_path/Frameworks",
				);
				MARKETING_VERSION = 1.0;
				PRODUCT_BUNDLE_IDENTIFIER = com.cocoacasts.Notes;
				PRODUCT_NAME = "$(TARGET_NAME)";
				SWIFT_EMIT_LOC_STRINGS = YES;
				SWIFT_VERSION = 5.0;
				TARGETED_DEVICE_FAMILY = "1,2";
			};
			name = Debug;
		};
		EF1BBD7528B79D5D00EC653C /* Release */ = {
			isa = XCBuildConfiguration;
			buildSettings = {
				ASSETCATALOG_COMPILER_APPICON_NAME = AppIcon;
				ASSETCATALOG_COMPILER_GLOBAL_ACCENT_COLOR_NAME = AccentColor;
				CODE_SIGN_STYLE = Automatic;
				CURRENT_PROJECT_VERSION = 1;
				DEVELOPMENT_ASSET_PATHS = "\"Notes/Preview Content\"";
				DEVELOPMENT_TEAM = 2493UGBPKJ;
				ENABLE_PREVIEWS = YES;
				GENERATE_INFOPLIST_FILE = YES;
				INFOPLIST_KEY_UIApplicationSceneManifest_Generation = YES;
				INFOPLIST_KEY_UIApplicationSupportsIndirectInputEvents = YES;
				INFOPLIST_KEY_UILaunchScreen_Generation = YES;
				INFOPLIST_KEY_UISupportedInterfaceOrientations_iPad = "UIInterfaceOrientationPortrait UIInterfaceOrientationPortraitUpsideDown UIInterfaceOrientationLandscapeLeft UIInterfaceOrientationLandscapeRight";
				INFOPLIST_KEY_UISupportedInterfaceOrientations_iPhone = "UIInterfaceOrientationPortrait UIInterfaceOrientationLandscapeLeft UIInterfaceOrientationLandscapeRight";
				IPHONEOS_DEPLOYMENT_TARGET = 15.0;
				LD_RUNPATH_SEARCH_PATHS = (
					"$(inherited)",
					"@executable_path/Frameworks",
				);
				MARKETING_VERSION = 1.0;
				PRODUCT_BUNDLE_IDENTIFIER = com.cocoacasts.Notes;
				PRODUCT_NAME = "$(TARGET_NAME)";
				SWIFT_EMIT_LOC_STRINGS = YES;
				SWIFT_VERSION = 5.0;
				TARGETED_DEVICE_FAMILY = "1,2";
			};
			name = Release;
		};
/* End XCBuildConfiguration section */

/* Begin XCConfigurationList section */
		EF1BBD6028B79D5C00EC653C /* Build configuration list for PBXProject "Notes" */ = {
			isa = XCConfigurationList;
			buildConfigurations = (
				EF1BBD7128B79D5D00EC653C /* Debug */,
				EF1BBD7228B79D5D00EC653C /* Release */,
			);
			defaultConfigurationIsVisible = 0;
			defaultConfigurationName = Release;
		};
		EF1BBD7328B79D5D00EC653C /* Build configuration list for PBXNativeTarget "Notes" */ = {
			isa = XCConfigurationList;
			buildConfigurations = (
				EF1BBD7428B79D5D00EC653C /* Debug */,
				EF1BBD7528B79D5D00EC653C /* Release */,
			);
			defaultConfigurationIsVisible = 0;
			defaultConfigurationName = Release;
		};
/* End XCConfigurationList section */
	};
	rootObject = EF1BBD5D28B79D5C00EC653C /* Project object */;
}
